{
  "name": "slugify-unicode",
<<<<<<< HEAD
  "version": "1.0.3",
=======
  "version": "1.0.4",
>>>>>>> aa8ba83e9fc7aa18ab34b7744f8439a5c6523694
  "lockfileVersion": 2,
  "requires": true,
  "packages": {
    "": {
      "name": "slugify-unicode",
<<<<<<< HEAD
      "version": "1.0.3",
=======
      "version": "1.0.4",
>>>>>>> aa8ba83e9fc7aa18ab34b7744f8439a5c6523694
      "license": "ISC"
    }
  }
}
